
Microsoft Visual Studio Solution File, Format Version 12.00
# Visual Studio Version 17
VisualStudioVersion = 17.4.33103.184
MinimumVisualStudioVersion = 10.0.40219.1
Project("{FAE04EC0-301F-11D3-BF4B-00C04F79EFBC}") = "PersonalTracker", "PersonalTracker\PersonalTracker.csproj", "{C4728DC8-9CEA-4B5B-85C6-056664FD7E92}"
EndProject
Global
	GlobalSection(SolutionConfigurationPlatforms) = preSolution
		Debug|Any CPU = Debug|Any CPU
		Release|Any CPU = Release|Any CPU
	EndGlobalSection
	GlobalSection(ProjectConfigurationPlatforms) = postSolution
		{C4728DC8-9CEA-4B5B-85C6-056664FD7E92}.Debug|Any CPU.ActiveCfg = Debug|Any CPU
		{C4728DC8-9CEA-4B5B-85C6-056664FD7E92}.Debug|Any CPU.Build.0 = Debug|Any CPU
		{C4728DC8-9CEA-4B5B-85C6-056664FD7E92}.Release|Any CPU.ActiveCfg = Release|Any CPU
		{C4728DC8-9CEA-4B5B-85C6-056664FD7E92}.Release|Any CPU.Build.0 = Release|Any CPU
	EndGlobalSection
	GlobalSection(SolutionProperties) = preSolution
		HideSolutionNode = FALSE
	EndGlobalSection
	GlobalSection(ExtensibilityGlobals) = postSolution
		SolutionGuid = {458CE977-A6CE-4547-B0E7-2FCEE3B14E14}
	EndGlobalSection
EndGlobal
